
Microsoft Visual Studio Solution File, Format Version 12.00
# Visual Studio Version 17
VisualStudioVersion = 17.9.34714.143
MinimumVisualStudioVersion = 10.0.40219.1
Project("{9A19103F-16F7-4668-BE54-9A1E7A4F7556}") = "PortfolioCalculatorApp", "PortfolioCalculatorApp\PortfolioCalculatorApp.csproj", "{2999F3AE-338E-4C36-ABA4-BB8918482690}"
EndProject
Project("{FAE04EC0-301F-11D3-BF4B-00C04F79EFBC}") = "APIKeyOperations", "APIKeyValidation\APIKeyOperations.csproj", "{FF944EE2-6187-46B5-9D3C-A2E135EDCCBF}"
EndProject
Global
	GlobalSection(SolutionConfigurationPlatforms) = preSolution
		Debug|Any CPU = Debug|Any CPU
		Release|Any CPU = Release|Any CPU
	EndGlobalSection
	GlobalSection(ProjectConfigurationPlatforms) = postSolution
		{2999F3AE-338E-4C36-ABA4-BB8918482690}.Debug|Any CPU.ActiveCfg = Debug|Any CPU
		{2999F3AE-338E-4C36-ABA4-BB8918482690}.Debug|Any CPU.Build.0 = Debug|Any CPU
		{2999F3AE-338E-4C36-ABA4-BB8918482690}.Release|Any CPU.ActiveCfg = Release|Any CPU
		{2999F3AE-338E-4C36-ABA4-BB8918482690}.Release|Any CPU.Build.0 = Release|Any CPU
		{FF944EE2-6187-46B5-9D3C-A2E135EDCCBF}.Debug|Any CPU.ActiveCfg = Debug|Any CPU
		{FF944EE2-6187-46B5-9D3C-A2E135EDCCBF}.Debug|Any CPU.Build.0 = Debug|Any CPU
		{FF944EE2-6187-46B5-9D3C-A2E135EDCCBF}.Release|Any CPU.ActiveCfg = Release|Any CPU
		{FF944EE2-6187-46B5-9D3C-A2E135EDCCBF}.Release|Any CPU.Build.0 = Release|Any CPU
	EndGlobalSection
	GlobalSection(SolutionProperties) = preSolution
		HideSolutionNode = FALSE
	EndGlobalSection
	GlobalSection(ExtensibilityGlobals) = postSolution
		SolutionGuid = {9583C778-A7EC-4E3B-834E-95BC548E99DF}
	EndGlobalSection
EndGlobal
